<Solution>
  <Folder Name="/src/">
    <Project Path="src/Spydate.Agent/Spydate.Agent.csproj" />
    <Project Path="src/Spydate.App/Spydate.App.csproj" />
    <Project Path="src/Spydate.Core/Spydate.Core.csproj" />
    <Project Path="src/Spydate.Decompiler/Spydate.Decompiler.csproj" />
    <Project Path="src/Spydate.Disassembly/Spydate.Disassembly.csproj" />
    <Project Path="src/Spydate.Mcp/Spydate.Mcp.csproj" />
  </Folder>
  <Folder Name="/tests/">
    <Project Path="tests/Spydate.Tests/Spydate.Tests.csproj" />
  </Folder>
</Solution>
